// !$*UTF8*$!
{
	archiveVersion = 1;
	classes = {
	};
	objectVersion = 48;
	objects = {

/* Begin PBXBuildFile section */
		96D86B8A1F81594A005D7733 /* AppDelegate.swift in Sources */ = {isa = PBXBuildFile; fileRef = 96D86B891F81594A005D7733 /* AppDelegate.swift */; };
		96D86B8F1F81594A005D7733 /* Main.storyboard in Resources */ = {isa = PBXBuildFile; fileRef = 96D86B8D1F81594A005D7733 /* Main.storyboard */; };
		96D86B921F81594A005D7733 /* PhotoScroller.xcdatamodeld in Sources */ = {isa = PBXBuildFile; fileRef = 96D86B901F81594A005D7733 /* PhotoScroller.xcdatamodeld */; };
		96D86B941F81594A005D7733 /* Assets.xcassets in Resources */ = {isa = PBXBuildFile; fileRef = 96D86B931F81594A005D7733 /* Assets.xcassets */; };
		96D86B971F81594A005D7733 /* LaunchScreen.storyboard in Resources */ = {isa = PBXBuildFile; fileRef = 96D86B951F81594A005D7733 /* LaunchScreen.storyboard */; };
		96D86BA21F81594A005D7733 /* PhotoScrollerTests.swift in Sources */ = {isa = PBXBuildFile; fileRef = 96D86BA11F81594A005D7733 /* PhotoScrollerTests.swift */; };
		96D86BAD1F815E0F005D7733 /* TopPhotosCollectionViewController.swift in Sources */ = {isa = PBXBuildFile; fileRef = 96D86BAC1F815E0F005D7733 /* TopPhotosCollectionViewController.swift */; };
		96D86BB41F815E9F005D7733 /* SearchViewController.swift in Sources */ = {isa = PBXBuildFile; fileRef = 96D86BB31F815E9F005D7733 /* SearchViewController.swift */; };
		96D86BB61F815EBD005D7733 /* Default-568h@2x.png in Resources */ = {isa = PBXBuildFile; fileRef = 96D86BB51F815EBD005D7733 /* Default-568h@2x.png */; };
		96D86BB81F816270005D7733 /* PhotoDetailViewController.swift in Sources */ = {isa = PBXBuildFile; fileRef = 96D86BB71F816270005D7733 /* PhotoDetailViewController.swift */; };
		96D86BBB1F8162E9005D7733 /* NetworkController.swift in Sources */ = {isa = PBXBuildFile; fileRef = 96D86BBA1F8162E9005D7733 /* NetworkController.swift */; };
		96D86BBD1F8162FD005D7733 /* ImageController.swift in Sources */ = {isa = PBXBuildFile; fileRef = 96D86BBC1F8162FD005D7733 /* ImageController.swift */; };
		96D86BBF1F81648C005D7733 /* Photo.swift in Sources */ = {isa = PBXBuildFile; fileRef = 96D86BBE1F81648C005D7733 /* Photo.swift */; };
		96D86BC11F81649A005D7733 /* User.swift in Sources */ = {isa = PBXBuildFile; fileRef = 96D86BC01F81649A005D7733 /* User.swift */; };
		96D86BC31F81653E005D7733 /* PhotoController.swift in Sources */ = {isa = PBXBuildFile; fileRef = 96D86BC21F81653E005D7733 /* PhotoController.swift */; };
		96D86BC51F81654B005D7733 /* UserController.swift in Sources */ = {isa = PBXBuildFile; fileRef = 96D86BC41F81654B005D7733 /* UserController.swift */; };
/* End PBXBuildFile section */

/* Begin PBXContainerItemProxy section */
		96D86B9E1F81594A005D7733 /* PBXContainerItemProxy */ = {
			isa = PBXContainerItemProxy;
			containerPortal = 96D86B7E1F81594A005D7733 /* Project object */;
			proxyType = 1;
			remoteGlobalIDString = 96D86B851F81594A005D7733;
			remoteInfo = PhotoScroller;
		};
/* End PBXContainerItemProxy section */

/* Begin PBXFileReference section */
		96D86B861F81594A005D7733 /* PhotoScroller.app */ = {isa = PBXFileReference; explicitFileType = wrapper.application; includeInIndex = 0; path = PhotoScroller.app; sourceTree = BUILT_PRODUCTS_DIR; };
		96D86B891F81594A005D7733 /* AppDelegate.swift */ = {isa = PBXFileReference; lastKnownFileType = sourcecode.swift; path = AppDelegate.swift; sourceTree = "<group>"; };
		96D86B8E1F81594A005D7733 /* Base */ = {isa = PBXFileReference; lastKnownFileType = file.storyboard; name = Base; path = Base.lproj/Main.storyboard; sourceTree = "<group>"; };
		96D86B911F81594A005D7733 /* PhotoScroller.xcdatamodel */ = {isa = PBXFileReference; lastKnownFileType = wrapper.xcdatamodel; path = PhotoScroller.xcdatamodel; sourceTree = "<group>"; };
		96D86B931F81594A005D7733 /* Assets.xcassets */ = {isa = PBXFileReference; lastKnownFileType = folder.assetcatalog; path = Assets.xcassets; sourceTree = "<group>"; };
		96D86B961F81594A005D7733 /* Base */ = {isa = PBXFileReference; lastKnownFileType = file.storyboard; name = Base; path = Base.lproj/LaunchScreen.storyboard; sourceTree = "<group>"; };
		96D86B981F81594A005D7733 /* Info.plist */ = {isa = PBXFileReference; lastKnownFileType = text.plist.xml; path = Info.plist; sourceTree = "<group>"; };
		96D86B9D1F81594A005D7733 /* PhotoScrollerTests.xctest */ = {isa = PBXFileReference; explicitFileType = wrapper.cfbundle; includeInIndex = 0; path = PhotoScrollerTests.xctest; sourceTree = BUILT_PRODUCTS_DIR; };
		96D86BA11F81594A005D7733 /* PhotoScrollerTests.swift */ = {isa = PBXFileReference; lastKnownFileType = sourcecode.swift; path = PhotoScrollerTests.swift; sourceTree = "<group>"; };
		96D86BA31F81594A005D7733 /* Info.plist */ = {isa = PBXFileReference; lastKnownFileType = text.plist.xml; path = Info.plist; sourceTree = "<group>"; };
		96D86BAC1F815E0F005D7733 /* TopPhotosCollectionViewController.swift */ = {isa = PBXFileReference; lastKnownFileType = sourcecode.swift; path = TopPhotosCollectionViewController.swift; sourceTree = "<group>"; };
		96D86BB31F815E9F005D7733 /* SearchViewController.swift */ = {isa = PBXFileReference; lastKnownFileType = sourcecode.swift; name = SearchViewController.swift; path = "PhotoScroller/View Controllers/SearchViewController.swift"; sourceTree = SOURCE_ROOT; };
		96D86BB51F815EBD005D7733 /* Default-568h@2x.png */ = {isa = PBXFileReference; lastKnownFileType = image.png; path = "Default-568h@2x.png"; sourceTree = "<group>"; };
		96D86BB71F816270005D7733 /* PhotoDetailViewController.swift */ = {isa = PBXFileReference; lastKnownFileType = sourcecode.swift; name = PhotoDetailViewController.swift; path = "PhotoScroller/View Controllers/PhotoDetailViewController.swift"; sourceTree = SOURCE_ROOT; };
		96D86BBA1F8162E9005D7733 /* NetworkController.swift */ = {isa = PBXFileReference; lastKnownFileType = sourcecode.swift; path = NetworkController.swift; sourceTree = "<group>"; };
		96D86BBC1F8162FD005D7733 /* ImageController.swift */ = {isa = PBXFileReference; lastKnownFileType = sourcecode.swift; path = ImageController.swift; sourceTree = "<group>"; };
		96D86BBE1F81648C005D7733 /* Photo.swift */ = {isa = PBXFileReference; lastKnownFileType = sourcecode.swift; path = Photo.swift; sourceTree = "<group>"; };
		96D86BC01F81649A005D7733 /* User.swift */ = {isa = PBXFileReference; lastKnownFileType = sourcecode.swift; path = User.swift; sourceTree = "<group>"; };
		96D86BC21F81653E005D7733 /* PhotoController.swift */ = {isa = PBXFileReference; lastKnownFileType = sourcecode.swift; name = PhotoController.swift; path = "PhotoScroller/Model Controllers/PhotoController.swift"; sourceTree = SOURCE_ROOT; };
		96D86BC41F81654B005D7733 /* UserController.swift */ = {isa = PBXFileReference; lastKnownFileType = sourcecode.swift; path = UserController.swift; sourceTree = "<group>"; };
/* End PBXFileReference section */

/* Begin PBXFrameworksBuildPhase section */
		96D86B831F81594A005D7733 /* Frameworks */ = {
			isa = PBXFrameworksBuildPhase;
			buildActionMask = 2147483647;
			files = (
			);
			runOnlyForDeploymentPostprocessing = 0;
		};
		96D86B9A1F81594A005D7733 /* Frameworks */ = {
			isa = PBXFrameworksBuildPhase;
			buildActionMask = 2147483647;
			files = (
			);
			runOnlyForDeploymentPostprocessing = 0;
		};
/* End PBXFrameworksBuildPhase section */

/* Begin PBXGroup section */
		96D86B7D1F81594A005D7733 = {
			isa = PBXGroup;
			children = (
				96D86BB51F815EBD005D7733 /* Default-568h@2x.png */,
				96D86B881F81594A005D7733 /* PhotoScroller */,
				96D86BA01F81594A005D7733 /* PhotoScrollerTests */,
				96D86B871F81594A005D7733 /* Products */,
			);
			sourceTree = "<group>";
		};
		96D86B871F81594A005D7733 /* Products */ = {
			isa = PBXGroup;
			children = (
				96D86B861F81594A005D7733 /* PhotoScroller.app */,
				96D86B9D1F81594A005D7733 /* PhotoScrollerTests.xctest */,
			);
			name = Products;
			sourceTree = "<group>";
		};
		96D86B881F81594A005D7733 /* PhotoScroller */ = {
			isa = PBXGroup;
			children = (
				96D86BB91F8162DA005D7733 /* Helpers */,
				96D86BB21F815E4A005D7733 /* Views */,
				96D86BB11F815E42005D7733 /* Etc */,
				96D86BB01F815E3A005D7733 /* Model Controllers */,
				96D86BAF1F815E34005D7733 /* Models */,
				96D86BAE1F815E28005D7733 /* View Controllers */,
			);
			path = PhotoScroller;
			sourceTree = "<group>";
		};
		96D86BA01F81594A005D7733 /* PhotoScrollerTests */ = {
			isa = PBXGroup;
			children = (
				96D86BA11F81594A005D7733 /* PhotoScrollerTests.swift */,
				96D86BA31F81594A005D7733 /* Info.plist */,
			);
			path = PhotoScrollerTests;
			sourceTree = "<group>";
		};
		96D86BAE1F815E28005D7733 /* View Controllers */ = {
			isa = PBXGroup;
			children = (
				96D86BB71F816270005D7733 /* PhotoDetailViewController.swift */,
				96D86BB31F815E9F005D7733 /* SearchViewController.swift */,
				96D86BAC1F815E0F005D7733 /* TopPhotosCollectionViewController.swift */,
			);
			path = "View Controllers";
			sourceTree = "<group>";
		};
		96D86BAF1F815E34005D7733 /* Models */ = {
			isa = PBXGroup;
			children = (
				96D86BBE1F81648C005D7733 /* Photo.swift */,
				96D86BC01F81649A005D7733 /* User.swift */,
			);
			path = Models;
			sourceTree = "<group>";
		};
		96D86BB01F815E3A005D7733 /* Model Controllers */ = {
			isa = PBXGroup;
			children = (
				96D86BC21F81653E005D7733 /* PhotoController.swift */,
				96D86BC41F81654B005D7733 /* UserController.swift */,
			);
			path = "Model Controllers";
			sourceTree = "<group>";
		};
		96D86BB11F815E42005D7733 /* Etc */ = {
			isa = PBXGroup;
			children = (
				96D86B901F81594A005D7733 /* PhotoScroller.xcdatamodeld */,
				96D86B981F81594A005D7733 /* Info.plist */,
				96D86B931F81594A005D7733 /* Assets.xcassets */,
				96D86B891F81594A005D7733 /* AppDelegate.swift */,
			);
			path = Etc;
			sourceTree = "<group>";
		};
		96D86BB21F815E4A005D7733 /* Views */ = {
			isa = PBXGroup;
			children = (
				96D86B8D1F81594A005D7733 /* Main.storyboard */,
				96D86B951F81594A005D7733 /* LaunchScreen.storyboard */,
			);
			path = Views;
			sourceTree = "<group>";
		};
		96D86BB91F8162DA005D7733 /* Helpers */ = {
			isa = PBXGroup;
			children = (
				96D86BBA1F8162E9005D7733 /* NetworkController.swift */,
				96D86BBC1F8162FD005D7733 /* ImageController.swift */,
			);
			path = Helpers;
			sourceTree = "<group>";
		};
/* End PBXGroup section */

/* Begin PBXNativeTarget section */
		96D86B851F81594A005D7733 /* PhotoScroller */ = {
			isa = PBXNativeTarget;
			buildConfigurationList = 96D86BA61F81594A005D7733 /* Build configuration list for PBXNativeTarget "PhotoScroller" */;
			buildPhases = (
				96D86B821F81594A005D7733 /* Sources */,
				96D86B831F81594A005D7733 /* Frameworks */,
				96D86B841F81594A005D7733 /* Resources */,
			);
			buildRules = (
			);
			dependencies = (
			);
			name = PhotoScroller;
			productName = PhotoScroller;
			productReference = 96D86B861F81594A005D7733 /* PhotoScroller.app */;
			productType = "com.apple.product-type.application";
		};
		96D86B9C1F81594A005D7733 /* PhotoScrollerTests */ = {
			isa = PBXNativeTarget;
			buildConfigurationList = 96D86BA91F81594A005D7733 /* Build configuration list for PBXNativeTarget "PhotoScrollerTests" */;
			buildPhases = (
				96D86B991F81594A005D7733 /* Sources */,
				96D86B9A1F81594A005D7733 /* Frameworks */,
				96D86B9B1F81594A005D7733 /* Resources */,
			);
			buildRules = (
			);
			dependencies = (
				96D86B9F1F81594A005D7733 /* PBXTargetDependency */,
			);
			name = PhotoScrollerTests;
			productName = PhotoScrollerTests;
			productReference = 96D86B9D1F81594A005D7733 /* PhotoScrollerTests.xctest */;
			productType = "com.apple.product-type.bundle.unit-test";
		};
/* End PBXNativeTarget section */

/* Begin PBXProject section */
		96D86B7E1F81594A005D7733 /* Project object */ = {
			isa = PBXProject;
			attributes = {
				LastSwiftUpdateCheck = 0900;
				LastUpgradeCheck = 0900;
				ORGANIZATIONNAME = "D Miller Consulting";
				TargetAttributes = {
					96D86B851F81594A005D7733 = {
						CreatedOnToolsVersion = 9.0;
						ProvisioningStyle = Automatic;
					};
					96D86B9C1F81594A005D7733 = {
						CreatedOnToolsVersion = 9.0;
						ProvisioningStyle = Automatic;
						TestTargetID = 96D86B851F81594A005D7733;
					};
				};
			};
			buildConfigurationList = 96D86B811F81594A005D7733 /* Build configuration list for PBXProject "PhotoScroller" */;
			compatibilityVersion = "Xcode 8.0";
			developmentRegion = en;
			hasScannedForEncodings = 0;
			knownRegions = (
				en,
				Base,
			);
			mainGroup = 96D86B7D1F81594A005D7733;
			productRefGroup = 96D86B871F81594A005D7733 /* Products */;
			projectDirPath = "";
			projectRoot = "";
			targets = (
				96D86B851F81594A005D7733 /* PhotoScroller */,
				96D86B9C1F81594A005D7733 /* PhotoScrollerTests */,
			);
		};
/* End PBXProject section */

/* Begin PBXResourcesBuildPhase section */
		96D86B841F81594A005D7733 /* Resources */ = {
			isa = PBXResourcesBuildPhase;
			buildActionMask = 2147483647;
			files = (
				96D86B971F81594A005D7733 /* LaunchScreen.storyboard in Resources */,
				96D86BB61F815EBD005D7733 /* Default-568h@2x.png in Resources */,
				96D86B941F81594A005D7733 /* Assets.xcassets in Resources */,
				96D86B8F1F81594A005D7733 /* Main.storyboard in Resources */,
			);
			runOnlyForDeploymentPostprocessing = 0;
		};
		96D86B9B1F81594A005D7733 /* Resources */ = {
			isa = PBXResourcesBuildPhase;
			buildActionMask = 2147483647;
			files = (
			);
			runOnlyForDeploymentPostprocessing = 0;
		};
/* End PBXResourcesBuildPhase section */

/* Begin PBXSourcesBuildPhase section */
		96D86B821F81594A005D7733 /* Sources */ = {
			isa = PBXSourcesBuildPhase;
			buildActionMask = 2147483647;
			files = (
				96D86BC31F81653E005D7733 /* PhotoController.swift in Sources */,
				96D86BBD1F8162FD005D7733 /* ImageController.swift in Sources */,
				96D86BBF1F81648C005D7733 /* Photo.swift in Sources */,
				96D86BC51F81654B005D7733 /* UserController.swift in Sources */,
				96D86BAD1F815E0F005D7733 /* TopPhotosCollectionViewController.swift in Sources */,
				96D86B8A1F81594A005D7733 /* AppDelegate.swift in Sources */,
				96D86BBB1F8162E9005D7733 /* NetworkController.swift in Sources */,
				96D86BC11F81649A005D7733 /* User.swift in Sources */,
				96D86BB41F815E9F005D7733 /* SearchViewController.swift in Sources */,
				96D86BB81F816270005D7733 /* PhotoDetailViewController.swift in Sources */,
				96D86B921F81594A005D7733 /* PhotoScroller.xcdatamodeld in Sources */,
			);
			runOnlyForDeploymentPostprocessing = 0;
		};
		96D86B991F81594A005D7733 /* Sources */ = {
			isa = PBXSourcesBuildPhase;
			buildActionMask = 2147483647;
			files = (
				96D86BA21F81594A005D7733 /* PhotoScrollerTests.swift in Sources */,
			);
			runOnlyForDeploymentPostprocessing = 0;
		};
/* End PBXSourcesBuildPhase section */

/* Begin PBXTargetDependency section */
		96D86B9F1F81594A005D7733 /* PBXTargetDependency */ = {
			isa = PBXTargetDependency;
			target = 96D86B851F81594A005D7733 /* PhotoScroller */;
			targetProxy = 96D86B9E1F81594A005D7733 /* PBXContainerItemProxy */;
		};
/* End PBXTargetDependency section */

/* Begin PBXVariantGroup section */
		96D86B8D1F81594A005D7733 /* Main.storyboard */ = {
			isa = PBXVariantGroup;
			children = (
				96D86B8E1F81594A005D7733 /* Base */,
			);
			name = Main.storyboard;
			sourceTree = "<group>";
		};
		96D86B951F81594A005D7733 /* LaunchScreen.storyboard */ = {
			isa = PBXVariantGroup;
			children = (
				96D86B961F81594A005D7733 /* Base */,
			);
			name = LaunchScreen.storyboard;
			sourceTree = "<group>";
		};
/* End PBXVariantGroup section */

/* Begin XCBuildConfiguration section */
		96D86BA41F81594A005D7733 /* Debug */ = {
			isa = XCBuildConfiguration;
			buildSettings = {
				ALWAYS_SEARCH_USER_PATHS = NO;
				CLANG_ANALYZER_NONNULL = YES;
				CLANG_ANALYZER_NUMBER_OBJECT_CONVERSION = YES_AGGRESSIVE;
				CLANG_CXX_LANGUAGE_STANDARD = "gnu++14";
				CLANG_CXX_LIBRARY = "libc++";
				CLANG_ENABLE_MODULES = YES;
				CLANG_ENABLE_OBJC_ARC = YES;
				CLANG_WARN_BLOCK_CAPTURE_AUTORELEASING = YES;
				CLANG_WARN_BOOL_CONVERSION = YES;
				CLANG_WARN_COMMA = YES;
				CLANG_WARN_CONSTANT_CONVERSION = YES;
				CLANG_WARN_DIRECT_OBJC_ISA_USAGE = YES_ERROR;
				CLANG_WARN_DOCUMENTATION_COMMENTS = YES;
				CLANG_WARN_EMPTY_BODY = YES;
				CLANG_WARN_ENUM_CONVERSION = YES;
				CLANG_WARN_INFINITE_RECURSION = YES;
				CLANG_WARN_INT_CONVERSION = YES;
				CLANG_WARN_NON_LITERAL_NULL_CONVERSION = YES;
				CLANG_WARN_OBJC_LITERAL_CONVERSION = YES;
				CLANG_WARN_OBJC_ROOT_CLASS = YES_ERROR;
				CLANG_WARN_RANGE_LOOP_ANALYSIS = YES;
				CLANG_WARN_STRICT_PROTOTYPES = YES;
				CLANG_WARN_SUSPICIOUS_MOVE = YES;
				CLANG_WARN_UNGUARDED_AVAILABILITY = YES_AGGRESSIVE;
				CLANG_WARN_UNREACHABLE_CODE = YES;
				CLANG_WARN__DUPLICATE_METHOD_MATCH = YES;
				CODE_SIGN_IDENTITY = "iPhone Developer";
				COPY_PHASE_STRIP = NO;
				DEBUG_INFORMATION_FORMAT = dwarf;
				ENABLE_STRICT_OBJC_MSGSEND = YES;
				ENABLE_TESTABILITY = YES;
				GCC_C_LANGUAGE_STANDARD = gnu11;
				GCC_DYNAMIC_NO_PIC = NO;
				GCC_NO_COMMON_BLOCKS = YES;
				GCC_OPTIMIZATION_LEVEL = 0;
				GCC_PREPROCESSOR_DEFINITIONS = (
					"DEBUG=1",
					"$(inherited)",
				);
				GCC_WARN_64_TO_32_BIT_CONVERSION = YES;
				GCC_WARN_ABOUT_RETURN_TYPE = YES_ERROR;
				GCC_WARN_UNDECLARED_SELECTOR = YES;
				GCC_WARN_UNINITIALIZED_AUTOS = YES_AGGRESSIVE;
				GCC_WARN_UNUSED_FUNCTION = YES;
				GCC_WARN_UNUSED_VARIABLE = YES;
				IPHONEOS_DEPLOYMENT_TARGET = 11.0;
				MTL_ENABLE_DEBUG_INFO = YES;
				ONLY_ACTIVE_ARCH = YES;
				SDKROOT = iphoneos;
				SWIFT_ACTIVE_COMPILATION_CONDITIONS = DEBUG;
				SWIFT_OPTIMIZATION_LEVEL = "-Onone";
			};
			name = Debug;
		};
		96D86BA51F81594A005D7733 /* Release */ = {
			isa = XCBuildConfiguration;
			buildSettings = {
				ALWAYS_SEARCH_USER_PATHS = NO;
				CLANG_ANALYZER_NONNULL = YES;
				CLANG_ANALYZER_NUMBER_OBJECT_CONVERSION = YES_AGGRESSIVE;
				CLANG_CXX_LANGUAGE_STANDARD = "gnu++14";
				CLANG_CXX_LIBRARY = "libc++";
				CLANG_ENABLE_MODULES = YES;
				CLANG_ENABLE_OBJC_ARC = YES;
				CLANG_WARN_BLOCK_CAPTURE_AUTORELEASING = YES;
				CLANG_WARN_BOOL_CONVERSION = YES;
				CLANG_WARN_COMMA = YES;
				CLANG_WARN_CONSTANT_CONVERSION = YES;
				CLANG_WARN_DIRECT_OBJC_ISA_USAGE = YES_ERROR;
				CLANG_WARN_DOCUMENTATION_COMMENTS = YES;
				CLANG_WARN_EMPTY_BODY = YES;
				CLANG_WARN_ENUM_CONVERSION = YES;
				CLANG_WARN_INFINITE_RECURSION = YES;
				CLANG_WARN_INT_CONVERSION = YES;
				CLANG_WARN_NON_LITERAL_NULL_CONVERSION = YES;
				CLANG_WARN_OBJC_LITERAL_CONVERSION = YES;
				CLANG_WARN_OBJC_ROOT_CLASS = YES_ERROR;
				CLANG_WARN_RANGE_LOOP_ANALYSIS = YES;
				CLANG_WARN_STRICT_PROTOTYPES = YES;
				CLANG_WARN_SUSPICIOUS_MOVE = YES;
				CLANG_WARN_UNGUARDED_AVAILABILITY = YES_AGGRESSIVE;
				CLANG_WARN_UNREACHABLE_CODE = YES;
				CLANG_WARN__DUPLICATE_METHOD_MATCH = YES;
				CODE_SIGN_IDENTITY = "iPhone Developer";
				COPY_PHASE_STRIP = NO;
				DEBUG_INFORMATION_FORMAT = "dwarf-with-dsym";
				ENABLE_NS_ASSERTIONS = NO;
				ENABLE_STRICT_OBJC_MSGSEND = YES;
				GCC_C_LANGUAGE_STANDARD = gnu11;
				GCC_NO_COMMON_BLOCKS = YES;
				GCC_WARN_64_TO_32_BIT_CONVERSION = YES;
				GCC_WARN_ABOUT_RETURN_TYPE = YES_ERROR;
				GCC_WARN_UNDECLARED_SELECTOR = YES;
				GCC_WARN_UNINITIALIZED_AUTOS = YES_AGGRESSIVE;
				GCC_WARN_UNUSED_FUNCTION = YES;
				GCC_WARN_UNUSED_VARIABLE = YES;
				IPHONEOS_DEPLOYMENT_TARGET = 11.0;
				MTL_ENABLE_DEBUG_INFO = NO;
				SDKROOT = iphoneos;
				SWIFT_OPTIMIZATION_LEVEL = "-Owholemodule";
				VALIDATE_PRODUCT = YES;
			};
			name = Release;
		};
		96D86BA71F81594A005D7733 /* Debug */ = {
			isa = XCBuildConfiguration;
			buildSettings = {
				ASSETCATALOG_COMPILER_APPICON_NAME = AppIcon;
				CODE_SIGN_STYLE = Automatic;
				DEVELOPMENT_TEAM = JLLV7F3JQ4;
				INFOPLIST_FILE = PhotoScroller/Info.plist;
				LD_RUNPATH_SEARCH_PATHS = "$(inherited) @executable_path/Frameworks";
				PRODUCT_BUNDLE_IDENTIFIER = com.dmillerconsulting.PhotoScroller;
				PRODUCT_NAME = "$(TARGET_NAME)";
				SWIFT_VERSION = 4.0;
				TARGETED_DEVICE_FAMILY = "1,2";
			};
			name = Debug;
		};
		96D86BA81F81594A005D7733 /* Release */ = {
			isa = XCBuildConfiguration;
			buildSettings = {
				ASSETCATALOG_COMPILER_APPICON_NAME = AppIcon;
				CODE_SIGN_STYLE = Automatic;
				DEVELOPMENT_TEAM = JLLV7F3JQ4;
				INFOPLIST_FILE = PhotoScroller/Info.plist;
				LD_RUNPATH_SEARCH_PATHS = "$(inherited) @executable_path/Frameworks";
				PRODUCT_BUNDLE_IDENTIFIER = com.dmillerconsulting.PhotoScroller;
				PRODUCT_NAME = "$(TARGET_NAME)";
				SWIFT_VERSION = 4.0;
				TARGETED_DEVICE_FAMILY = "1,2";
			};
			name = Release;
		};
		96D86BAA1F81594A005D7733 /* Debug */ = {
			isa = XCBuildConfiguration;
			buildSettings = {
				ALWAYS_EMBED_SWIFT_STANDARD_LIBRARIES = YES;
				BUNDLE_LOADER = "$(TEST_HOST)";
				CODE_SIGN_STYLE = Automatic;
				DEVELOPMENT_TEAM = JLLV7F3JQ4;
				INFOPLIST_FILE = PhotoScrollerTests/Info.plist;
				LD_RUNPATH_SEARCH_PATHS = "$(inherited) @executable_path/Frameworks @loader_path/Frameworks";
				PRODUCT_BUNDLE_IDENTIFIER = com.dmillerconsulting.PhotoScrollerTests;
				PRODUCT_NAME = "$(TARGET_NAME)";
				SWIFT_VERSION = 4.0;
				TARGETED_DEVICE_FAMILY = "1,2";
				TEST_HOST = "$(BUILT_PRODUCTS_DIR)/PhotoScroller.app/PhotoScroller";
			};
			name = Debug;
		};
		96D86BAB1F81594A005D7733 /* Release */ = {
			isa = XCBuildConfiguration;
			buildSettings = {
				ALWAYS_EMBED_SWIFT_STANDARD_LIBRARIES = YES;
				BUNDLE_LOADER = "$(TEST_HOST)";
				CODE_SIGN_STYLE = Automatic;
				DEVELOPMENT_TEAM = JLLV7F3JQ4;
				INFOPLIST_FILE = PhotoScrollerTests/Info.plist;
				LD_RUNPATH_SEARCH_PATHS = "$(inherited) @executable_path/Frameworks @loader_path/Frameworks";
				PRODUCT_BUNDLE_IDENTIFIER = com.dmillerconsulting.PhotoScrollerTests;
				PRODUCT_NAME = "$(TARGET_NAME)";
				SWIFT_VERSION = 4.0;
				TARGETED_DEVICE_FAMILY = "1,2";
				TEST_HOST = "$(BUILT_PRODUCTS_DIR)/PhotoScroller.app/PhotoScroller";
			};
			name = Release;
		};
/* End XCBuildConfiguration section */

/* Begin XCConfigurationList section */
		96D86B811F81594A005D7733 /* Build configuration list for PBXProject "PhotoScroller" */ = {
			isa = XCConfigurationList;
			buildConfigurations = (
				96D86BA41F81594A005D7733 /* Debug */,
				96D86BA51F81594A005D7733 /* Release */,
			);
			defaultConfigurationIsVisible = 0;
			defaultConfigurationName = Release;
		};
		96D86BA61F81594A005D7733 /* Build configuration list for PBXNativeTarget "PhotoScroller" */ = {
			isa = XCConfigurationList;
			buildConfigurations = (
				96D86BA71F81594A005D7733 /* Debug */,
				96D86BA81F81594A005D7733 /* Release */,
			);
			defaultConfigurationIsVisible = 0;
			defaultConfigurationName = Release;
		};
		96D86BA91F81594A005D7733 /* Build configuration list for PBXNativeTarget "PhotoScrollerTests" */ = {
			isa = XCConfigurationList;
			buildConfigurations = (
				96D86BAA1F81594A005D7733 /* Debug */,
				96D86BAB1F81594A005D7733 /* Release */,
			);
			defaultConfigurationIsVisible = 0;
			defaultConfigurationName = Release;
		};
/* End XCConfigurationList section */

/* Begin XCVersionGroup section */
		96D86B901F81594A005D7733 /* PhotoScroller.xcdatamodeld */ = {
			isa = XCVersionGroup;
			children = (
				96D86B911F81594A005D7733 /* PhotoScroller.xcdatamodel */,
			);
			currentVersion = 96D86B911F81594A005D7733 /* PhotoScroller.xcdatamodel */;
			path = PhotoScroller.xcdatamodeld;
			sourceTree = "<group>";
			versionGroupType = wrapper.xcdatamodel;
		};
/* End XCVersionGroup section */
	};
	rootObject = 96D86B7E1F81594A005D7733 /* Project object */;
}
